
Microsoft Visual Studio Solution File, Format Version 12.00
# Visual Studio Version 17
VisualStudioVersion = 17.0.32014.148
MinimumVisualStudioVersion = 10.0.40219.1
Project("{9A19103F-16F7-4668-BE54-9A1E7A4F7556}") = "ATM", "ATM.csproj", "{B78EB1E7-34A6-4027-B74E-AFFBCCE78A10}"
EndProject
Project("{2150E333-8FDC-42A3-9474-1A3956D46DE8}") = "Solution Items", "Solution Items", "{C3745F09-2544-4FCA-BED7-9AA261DD41F9}"
	ProjectSection(SolutionItems) = preProject
		.editorconfig = .editorconfig
	EndProjectSection
EndProject
Global
	GlobalSection(SolutionConfigurationPlatforms) = preSolution
		Debug|Any CPU = Debug|Any CPU
		Release|Any CPU = Release|Any CPU
	EndGlobalSection
	GlobalSection(ProjectConfigurationPlatforms) = postSolution
		{B78EB1E7-34A6-4027-B74E-AFFBCCE78A10}.Debug|Any CPU.ActiveCfg = Debug|Any CPU
		{B78EB1E7-34A6-4027-B74E-AFFBCCE78A10}.Debug|Any CPU.Build.0 = Debug|Any CPU
		{B78EB1E7-34A6-4027-B74E-AFFBCCE78A10}.Release|Any CPU.ActiveCfg = Release|Any CPU
		{B78EB1E7-34A6-4027-B74E-AFFBCCE78A10}.Release|Any CPU.Build.0 = Release|Any CPU
	EndGlobalSection
	GlobalSection(SolutionProperties) = preSolution
		HideSolutionNode = FALSE
	EndGlobalSection
	GlobalSection(ExtensibilityGlobals) = postSolution
		SolutionGuid = {F6BC33F3-CF18-4816-A06A-246CCA889991}
	EndGlobalSection
EndGlobal
